// !$*UTF8*$!
{
	archiveVersion = 1;
	classes = {
	};
	objectVersion = 77;
	objects = {

/* Begin PBXBuildFile section */
		A726FAF42DC2C602006D6A82 /* MoneyMapShared.framework in Frameworks */ = {isa = PBXBuildFile; fileRef = A726FAEC2DC2C602006D6A82 /* MoneyMapShared.framework */; };
		A726FAF52DC2C602006D6A82 /* MoneyMapShared.framework in Embed Frameworks */ = {isa = PBXBuildFile; fileRef = A726FAEC2DC2C602006D6A82 /* MoneyMapShared.framework */; settings = {ATTRIBUTES = (CodeSignOnCopy, RemoveHeadersOnCopy, ); }; };
		A726FAFC2DC2C64D006D6A82 /* MoneyMapShared.framework in Frameworks */ = {isa = PBXBuildFile; fileRef = A726FAEC2DC2C602006D6A82 /* MoneyMapShared.framework */; };
		A726FAFD2DC2C64D006D6A82 /* MoneyMapShared.framework in Embed Frameworks */ = {isa = PBXBuildFile; fileRef = A726FAEC2DC2C602006D6A82 /* MoneyMapShared.framework */; settings = {ATTRIBUTES = (CodeSignOnCopy, RemoveHeadersOnCopy, ); }; };
		A79F7D7B2F58B83500736215 /* WidgetKit.framework in Frameworks */ = {isa = PBXBuildFile; fileRef = A79F7D7A2F58B83500736215 /* WidgetKit.framework */; };
		A79F7D7D2F58B83500736215 /* SwiftUI.framework in Frameworks */ = {isa = PBXBuildFile; fileRef = A79F7D7C2F58B83500736215 /* SwiftUI.framework */; };
		A79F7D882F58B83600736215 /* MainWidgetExtension.appex in Embed Foundation Extensions */ = {isa = PBXBuildFile; fileRef = A79F7D792F58B83500736215 /* MainWidgetExtension.appex */; settings = {ATTRIBUTES = (RemoveHeadersOnCopy, ); }; };
		A7DF69152DBE99A400071A0C /* MoneyMapShareExtension.appex in Embed Foundation Extensions */ = {isa = PBXBuildFile; fileRef = A7DF690B2DBE99A400071A0C /* MoneyMapShareExtension.appex */; settings = {ATTRIBUTES = (RemoveHeadersOnCopy, ); }; };
		A7FF14072E0CB75100EF0464 /* MoneyMap.icon in Resources */ = {isa = PBXBuildFile; fileRef = A7FF14062E0CB75100EF0464 /* MoneyMap.icon */; };
		B10100012F5E100000000001 /* XCTest.framework in Frameworks */ = {isa = PBXBuildFile; fileRef = B10100002F5E100000000001 /* XCTest.framework */; };
		B10100022F5E100000000001 /* MoneyMapShared.framework in Frameworks */ = {isa = PBXBuildFile; fileRef = A726FAEC2DC2C602006D6A82 /* MoneyMapShared.framework */; };
		B10100122F5E100000000001 /* MoneyMapShared.framework in Frameworks */ = {isa = PBXBuildFile; fileRef = A726FAEC2DC2C602006D6A82 /* MoneyMapShared.framework */; };
		B20000012F65000000000001 /* MoneyMapWatch.app in Embed Watch Content */ = {isa = PBXBuildFile; fileRef = B20000082F65000000000001 /* MoneyMapWatch.app */; settings = {ATTRIBUTES = (RemoveHeadersOnCopy, ); }; };
/* End PBXBuildFile section */

/* Begin PBXContainerItemProxy section */
		A726FAF22DC2C602006D6A82 /* PBXContainerItemProxy */ = {
			isa = PBXContainerItemProxy;
			containerPortal = 34AF794A2D5C448E001CEE30 /* Project object */;
			proxyType = 1;
			remoteGlobalIDString = A726FAEB2DC2C602006D6A82;
			remoteInfo = MoneyMapShared;
		};
		A726FAFE2DC2C64D006D6A82 /* PBXContainerItemProxy */ = {
			isa = PBXContainerItemProxy;
			containerPortal = 34AF794A2D5C448E001CEE30 /* Project object */;
			proxyType = 1;
			remoteGlobalIDString = A726FAEB2DC2C602006D6A82;
			remoteInfo = MoneyMapShared;
		};
		A79F7D862F58B83600736215 /* PBXContainerItemProxy */ = {
			isa = PBXContainerItemProxy;
			containerPortal = 34AF794A2D5C448E001CEE30 /* Project object */;
			proxyType = 1;
			remoteGlobalIDString = A79F7D782F58B83500736215;
			remoteInfo = MainWidgetExtension;
		};
		A7DF69132DBE99A400071A0C /* PBXContainerItemProxy */ = {
			isa = PBXContainerItemProxy;
			containerPortal = 34AF794A2D5C448E001CEE30 /* Project object */;
			proxyType = 1;
			remoteGlobalIDString = A7DF690A2DBE99A400071A0C;
			remoteInfo = MoneyMapShareExtension;
		};
		B101000C2F5E100000000001 /* PBXContainerItemProxy */ = {
			isa = PBXContainerItemProxy;
			containerPortal = 34AF794A2D5C448E001CEE30 /* Project object */;
			proxyType = 1;
			remoteGlobalIDString = 34AF79512D5C448E001CEE30;
			remoteInfo = MoneyMap;
		};
		B101000E2F5E100000000001 /* PBXContainerItemProxy */ = {
			isa = PBXContainerItemProxy;
			containerPortal = 34AF794A2D5C448E001CEE30 /* Project object */;
			proxyType = 1;
			remoteGlobalIDString = A726FAEB2DC2C602006D6A82;
			remoteInfo = MoneyMapShared;
		};
		B20000042F65000000000001 /* PBXContainerItemProxy */ = {
			isa = PBXContainerItemProxy;
			containerPortal = 34AF794A2D5C448E001CEE30 /* Project object */;
			proxyType = 1;
			remoteGlobalIDString = B200000E2F65000000000001;
			remoteInfo = MoneyMapWatch;
		};
/* End PBXContainerItemProxy section */

/* Begin PBXCopyFilesBuildPhase section */
		A726FAF62DC2C602006D6A82 /* Embed Frameworks */ = {
			isa = PBXCopyFilesBuildPhase;
			buildActionMask = 2147483647;
			dstPath = "";
			dstSubfolderSpec = 10;
			files = (
				A726FAF52DC2C602006D6A82 /* MoneyMapShared.framework in Embed Frameworks */,
			);
			name = "Embed Frameworks";
			runOnlyForDeploymentPostprocessing = 0;
		};
		A726FB002DC2C64D006D6A82 /* Embed Frameworks */ = {
			isa = PBXCopyFilesBuildPhase;
			buildActionMask = 2147483647;
			dstPath = "";
			dstSubfolderSpec = 10;
			files = (
				A726FAFD2DC2C64D006D6A82 /* MoneyMapShared.framework in Embed Frameworks */,
			);
			name = "Embed Frameworks";
			runOnlyForDeploymentPostprocessing = 0;
		};
		A75571322D959D3000CDECE7 /* Embed Foundation Extensions */ = {
			isa = PBXCopyFilesBuildPhase;
			buildActionMask = 2147483647;
			dstPath = "";
			dstSubfolderSpec = 13;
			files = (
				A7DF69152DBE99A400071A0C /* MoneyMapShareExtension.appex in Embed Foundation Extensions */,
				A79F7D882F58B83600736215 /* MainWidgetExtension.appex in Embed Foundation Extensions */,
			);
			name = "Embed Foundation Extensions";
			runOnlyForDeploymentPostprocessing = 0;
		};
		B20000062F65000000000001 /* Embed Watch Content */ = {
			isa = PBXCopyFilesBuildPhase;
			buildActionMask = 2147483647;
			dstPath = "$(CONTENTS_FOLDER_PATH)/Watch";
			dstSubfolderSpec = 16;
			files = (
				B20000012F65000000000001 /* MoneyMapWatch.app in Embed Watch Content */,
			);
			name = "Embed Watch Content";
			runOnlyForDeploymentPostprocessing = 0;
		};
		B20000072F65000000000001 /* Embed Frameworks */ = {
			isa = PBXCopyFilesBuildPhase;
			buildActionMask = 2147483647;
			dstPath = "";
			dstSubfolderSpec = 10;
			files = (
			);
			name = "Embed Frameworks";
			runOnlyForDeploymentPostprocessing = 0;
		};
/* End PBXCopyFilesBuildPhase section */

/* Begin PBXFileReference section */
		34AF79522D5C448E001CEE30 /* MoneyMap.app */ = {isa = PBXFileReference; explicitFileType = wrapper.application; includeInIndex = 0; path = MoneyMap.app; sourceTree = BUILT_PRODUCTS_DIR; };
		A726FAEC2DC2C602006D6A82 /* MoneyMapShared.framework */ = {isa = PBXFileReference; explicitFileType = wrapper.framework; includeInIndex = 0; path = MoneyMapShared.framework; sourceTree = BUILT_PRODUCTS_DIR; };
		A79F7D792F58B83500736215 /* MainWidgetExtension.appex */ = {isa = PBXFileReference; explicitFileType = "wrapper.app-extension"; includeInIndex = 0; path = MainWidgetExtension.appex; sourceTree = BUILT_PRODUCTS_DIR; };
		A79F7D7A2F58B83500736215 /* WidgetKit.framework */ = {isa = PBXFileReference; lastKnownFileType = wrapper.framework; name = WidgetKit.framework; path = /System/Library/Frameworks/WidgetKit.framework; sourceTree = "<absolute>"; };
		A79F7D7C2F58B83500736215 /* SwiftUI.framework */ = {isa = PBXFileReference; lastKnownFileType = wrapper.framework; name = SwiftUI.framework; path = /System/Library/Frameworks/SwiftUI.framework; sourceTree = "<absolute>"; };
		A7DF690B2DBE99A400071A0C /* MoneyMapShareExtension.appex */ = {isa = PBXFileReference; explicitFileType = "wrapper.app-extension"; includeInIndex = 0; path = MoneyMapShareExtension.appex; sourceTree = BUILT_PRODUCTS_DIR; };
		A7FF14062E0CB75100EF0464 /* MoneyMap.icon */ = {isa = PBXFileReference; lastKnownFileType = folder.iconcomposer.icon; path = MoneyMap.icon; sourceTree = "<group>"; };
		B10100002F5E100000000001 /* XCTest.framework */ = {isa = PBXFileReference; lastKnownFileType = wrapper.framework; name = XCTest.framework; path = "/Applications/Xcode-beta.app/Contents/Developer/Platforms/iPhoneSimulator.platform/Developer/Library/Frameworks/XCTest.framework"; sourceTree = "<absolute>"; };
		B10100032F5E100000000001 /* MoneyMapTests.xctest */ = {isa = PBXFileReference; explicitFileType = wrapper.cfbundle; includeInIndex = 0; path = MoneyMapTests.xctest; sourceTree = BUILT_PRODUCTS_DIR; };
		B20000082F65000000000001 /* MoneyMapWatch.app */ = {isa = PBXFileReference; explicitFileType = wrapper.application; includeInIndex = 0; path = MoneyMapWatch.app; sourceTree = BUILT_PRODUCTS_DIR; };
/* End PBXFileReference section */

/* Begin PBXFileSystemSynchronizedBuildFileExceptionSet section */
		34AF79622D5C4490001CEE30 /* Exceptions for "MoneyMap" folder in "MoneyMap" target */ = {
			isa = PBXFileSystemSynchronizedBuildFileExceptionSet;
			membershipExceptions = (
				Info.plist,
			);
			target = 34AF79512D5C448E001CEE30 /* MoneyMap */;
		};
		A79F7D8C2F58B83600736215 /* Exceptions for "MainWidget" folder in "MainWidgetExtension" target */ = {
			isa = PBXFileSystemSynchronizedBuildFileExceptionSet;
			membershipExceptions = (
				Info.plist,
			);
			target = A79F7D782F58B83500736215 /* MainWidgetExtension */;
		};
		A7C081C22E04CC0500084B8D /* Exceptions for "MoneyMapShareExtension" folder in "MoneyMapShareExtension" target */ = {
			isa = PBXFileSystemSynchronizedBuildFileExceptionSet;
			membershipExceptions = (
				Info.plist,
			);
			target = A7DF690A2DBE99A400071A0C /* MoneyMapShareExtension */;
		};
		B20000092F65000000000001 /* Exceptions for "MoneyMapWatch" folder in "MoneyMapWatch" target */ = {
			isa = PBXFileSystemSynchronizedBuildFileExceptionSet;
			membershipExceptions = (
				Info.plist,
			);
			target = B200000E2F65000000000001 /* MoneyMapWatch */;
		};
/* End PBXFileSystemSynchronizedBuildFileExceptionSet section */

/* Begin PBXFileSystemSynchronizedRootGroup section */
		34AF79542D5C448E001CEE30 /* MoneyMap */ = {
			isa = PBXFileSystemSynchronizedRootGroup;
			exceptions = (
				34AF79622D5C4490001CEE30 /* Exceptions for "MoneyMap" folder in "MoneyMap" target */,
			);
			path = MoneyMap;
			sourceTree = "<group>";
		};
		A726FAED2DC2C602006D6A82 /* MoneyMapShared */ = {
			isa = PBXFileSystemSynchronizedRootGroup;
			path = MoneyMapShared;
			sourceTree = "<group>";
		};
		A79F7D7E2F58B83500736215 /* MainWidget */ = {
			isa = PBXFileSystemSynchronizedRootGroup;
			exceptions = (
				A79F7D8C2F58B83600736215 /* Exceptions for "MainWidget" folder in "MainWidgetExtension" target */,
			);
			path = MainWidget;
			sourceTree = "<group>";
		};
		A7DF690C2DBE99A400071A0C /* MoneyMapShareExtension */ = {
			isa = PBXFileSystemSynchronizedRootGroup;
			exceptions = (
				A7C081C22E04CC0500084B8D /* Exceptions for "MoneyMapShareExtension" folder in "MoneyMapShareExtension" target */,
			);
			path = MoneyMapShareExtension;
			sourceTree = "<group>";
		};
		B10100042F5E100000000001 /* MoneyMapTests */ = {
			isa = PBXFileSystemSynchronizedRootGroup;
			path = MoneyMapTests;
			sourceTree = "<group>";
		};
		B200000A2F65000000000001 /* MoneyMapWatch */ = {
			isa = PBXFileSystemSynchronizedRootGroup;
			exceptions = (
				B20000092F65000000000001 /* Exceptions for "MoneyMapWatch" folder in "MoneyMapWatch" target */,
			);
			path = MoneyMapWatch;
			sourceTree = "<group>";
		};
/* End PBXFileSystemSynchronizedRootGroup section */

/* Begin PBXFrameworksBuildPhase section */
		34AF794F2D5C448E001CEE30 /* Frameworks */ = {
			isa = PBXFrameworksBuildPhase;
			buildActionMask = 2147483647;
			files = (
				A726FAF42DC2C602006D6A82 /* MoneyMapShared.framework in Frameworks */,
			);
			runOnlyForDeploymentPostprocessing = 0;
		};
		A726FAE92DC2C602006D6A82 /* Frameworks */ = {
			isa = PBXFrameworksBuildPhase;
			buildActionMask = 2147483647;
			files = (
			);
			runOnlyForDeploymentPostprocessing = 0;
		};
		A79F7D762F58B83500736215 /* Frameworks */ = {
			isa = PBXFrameworksBuildPhase;
			buildActionMask = 2147483647;
			files = (
				B10100122F5E100000000001 /* MoneyMapShared.framework in Frameworks */,
				A79F7D7D2F58B83500736215 /* SwiftUI.framework in Frameworks */,
				A79F7D7B2F58B83500736215 /* WidgetKit.framework in Frameworks */,
			);
			runOnlyForDeploymentPostprocessing = 0;
		};
		A7DF69082DBE99A400071A0C /* Frameworks */ = {
			isa = PBXFrameworksBuildPhase;
			buildActionMask = 2147483647;
			files = (
				A726FAFC2DC2C64D006D6A82 /* MoneyMapShared.framework in Frameworks */,
			);
			runOnlyForDeploymentPostprocessing = 0;
		};
		B10100052F5E100000000001 /* Frameworks */ = {
			isa = PBXFrameworksBuildPhase;
			buildActionMask = 2147483647;
			files = (
				B10100022F5E100000000001 /* MoneyMapShared.framework in Frameworks */,
				B10100012F5E100000000001 /* XCTest.framework in Frameworks */,
			);
			runOnlyForDeploymentPostprocessing = 0;
		};
		B200000B2F65000000000001 /* Frameworks */ = {
			isa = PBXFrameworksBuildPhase;
			buildActionMask = 2147483647;
			files = (
			);
			runOnlyForDeploymentPostprocessing = 0;
		};
/* End PBXFrameworksBuildPhase section */

/* Begin PBXGroup section */
		34AF79492D5C448E001CEE30 = {
			isa = PBXGroup;
			children = (
				34AF79542D5C448E001CEE30 /* MoneyMap */,
				A7DF690C2DBE99A400071A0C /* MoneyMapShareExtension */,
				B10100042F5E100000000001 /* MoneyMapTests */,
				A79F7D7E2F58B83500736215 /* MainWidget */,
				B200000A2F65000000000001 /* MoneyMapWatch */,
				A747BC602DC284F600DAF6B6 /* Frameworks */,
				34AF79532D5C448E001CEE30 /* Products */,
				A7FF14062E0CB75100EF0464 /* MoneyMap.icon */,
			);
			sourceTree = "<group>";
		};
		34AF79532D5C448E001CEE30 /* Products */ = {
			isa = PBXGroup;
			children = (
				34AF79522D5C448E001CEE30 /* MoneyMap.app */,
				A7DF690B2DBE99A400071A0C /* MoneyMapShareExtension.appex */,
				A726FAEC2DC2C602006D6A82 /* MoneyMapShared.framework */,
				B10100032F5E100000000001 /* MoneyMapTests.xctest */,
				A79F7D792F58B83500736215 /* MainWidgetExtension.appex */,
				B20000082F65000000000001 /* MoneyMapWatch.app */,
			);
			name = Products;
			sourceTree = "<group>";
		};
		A747BC602DC284F600DAF6B6 /* Frameworks */ = {
			isa = PBXGroup;
			children = (
				A726FAED2DC2C602006D6A82 /* MoneyMapShared */,
				A79F7D7A2F58B83500736215 /* WidgetKit.framework */,
				A79F7D7C2F58B83500736215 /* SwiftUI.framework */,
				B10100002F5E100000000001 /* XCTest.framework */,
			);
			name = Frameworks;
			sourceTree = "<group>";
		};
/* End PBXGroup section */

/* Begin PBXHeadersBuildPhase section */
		A726FAE72DC2C602006D6A82 /* Headers */ = {
			isa = PBXHeadersBuildPhase;
			buildActionMask = 2147483647;
			files = (
			);
			runOnlyForDeploymentPostprocessing = 0;
		};
/* End PBXHeadersBuildPhase section */

/* Begin PBXNativeTarget section */
		34AF79512D5C448E001CEE30 /* MoneyMap */ = {
			isa = PBXNativeTarget;
			buildConfigurationList = 34AF79632D5C4490001CEE30 /* Build configuration list for PBXNativeTarget "MoneyMap" */;
			buildPhases = (
				34AF794E2D5C448E001CEE30 /* Sources */,
				34AF794F2D5C448E001CEE30 /* Frameworks */,
				34AF79502D5C448E001CEE30 /* Resources */,
				A75571322D959D3000CDECE7 /* Embed Foundation Extensions */,
				B20000062F65000000000001 /* Embed Watch Content */,
				A726FAF62DC2C602006D6A82 /* Embed Frameworks */,
			);
			buildRules = (
			);
			dependencies = (
				A7DF69142DBE99A400071A0C /* PBXTargetDependency */,
				A726FAF32DC2C602006D6A82 /* PBXTargetDependency */,
				A79F7D872F58B83600736215 /* PBXTargetDependency */,
				B200000F2F65000000000001 /* PBXTargetDependency */,
			);
			fileSystemSynchronizedGroups = (
				34AF79542D5C448E001CEE30 /* MoneyMap */,
				A726FAED2DC2C602006D6A82 /* MoneyMapShared */,
			);
			name = MoneyMap;
			packageProductDependencies = (
			);
			productName = MoneyMap;
			productReference = 34AF79522D5C448E001CEE30 /* MoneyMap.app */;
			productType = "com.apple.product-type.application";
		};
		A726FAEB2DC2C602006D6A82 /* MoneyMapShared */ = {
			isa = PBXNativeTarget;
			buildConfigurationList = A726FAF92DC2C602006D6A82 /* Build configuration list for PBXNativeTarget "MoneyMapShared" */;
			buildPhases = (
				A726FAE72DC2C602006D6A82 /* Headers */,
				A726FAE82DC2C602006D6A82 /* Sources */,
				A726FAE92DC2C602006D6A82 /* Frameworks */,
				A726FAEA2DC2C602006D6A82 /* Resources */,
			);
			buildRules = (
			);
			dependencies = (
			);
			fileSystemSynchronizedGroups = (
				A726FAED2DC2C602006D6A82 /* MoneyMapShared */,
			);
			name = MoneyMapShared;
			packageProductDependencies = (
			);
			productName = MoneyMapShared;
			productReference = A726FAEC2DC2C602006D6A82 /* MoneyMapShared.framework */;
			productType = "com.apple.product-type.framework";
		};
		A79F7D782F58B83500736215 /* MainWidgetExtension */ = {
			isa = PBXNativeTarget;
			buildConfigurationList = A79F7D8B2F58B83600736215 /* Build configuration list for PBXNativeTarget "MainWidgetExtension" */;
			buildPhases = (
				A79F7D752F58B83500736215 /* Sources */,
				A79F7D762F58B83500736215 /* Frameworks */,
				A79F7D772F58B83500736215 /* Resources */,
			);
			buildRules = (
			);
			dependencies = (
				B10100132F5E100000000001 /* PBXTargetDependency */,
			);
			fileSystemSynchronizedGroups = (
				A79F7D7E2F58B83500736215 /* MainWidget */,
			);
			name = MainWidgetExtension;
			packageProductDependencies = (
			);
			productName = MainWidgetExtension;
			productReference = A79F7D792F58B83500736215 /* MainWidgetExtension.appex */;
			productType = "com.apple.product-type.app-extension";
		};
		A7DF690A2DBE99A400071A0C /* MoneyMapShareExtension */ = {
			isa = PBXNativeTarget;
			buildConfigurationList = A7DF69182DBE99A400071A0C /* Build configuration list for PBXNativeTarget "MoneyMapShareExtension" */;
			buildPhases = (
				A7DF69072DBE99A400071A0C /* Sources */,
				A7DF69082DBE99A400071A0C /* Frameworks */,
				A7DF69092DBE99A400071A0C /* Resources */,
				A726FB002DC2C64D006D6A82 /* Embed Frameworks */,
			);
			buildRules = (
			);
			dependencies = (
				A726FAFF2DC2C64D006D6A82 /* PBXTargetDependency */,
			);
			fileSystemSynchronizedGroups = (
				A7DF690C2DBE99A400071A0C /* MoneyMapShareExtension */,
			);
			name = MoneyMapShareExtension;
			packageProductDependencies = (
			);
			productName = MoneyMapShareExtension;
			productReference = A7DF690B2DBE99A400071A0C /* MoneyMapShareExtension.appex */;
			productType = "com.apple.product-type.app-extension";
		};
		B10100062F5E100000000001 /* MoneyMapTests */ = {
			isa = PBXNativeTarget;
			buildConfigurationList = B10100112F5E100000000001 /* Build configuration list for PBXNativeTarget "MoneyMapTests" */;
			buildPhases = (
				B10100072F5E100000000001 /* Sources */,
				B10100052F5E100000000001 /* Frameworks */,
				B10100082F5E100000000001 /* Resources */,
			);
			buildRules = (
			);
			dependencies = (
				B101000D2F5E100000000001 /* PBXTargetDependency */,
				B101000F2F5E100000000001 /* PBXTargetDependency */,
			);
			fileSystemSynchronizedGroups = (
				B10100042F5E100000000001 /* MoneyMapTests */,
			);
			name = MoneyMapTests;
			packageProductDependencies = (
			);
			productName = MoneyMapTests;
			productReference = B10100032F5E100000000001 /* MoneyMapTests.xctest */;
			productType = "com.apple.product-type.bundle.unit-test";
		};
		B200000E2F65000000000001 /* MoneyMapWatch */ = {
			isa = PBXNativeTarget;
			buildConfigurationList = B20000132F65000000000001 /* Build configuration list for PBXNativeTarget "MoneyMapWatch" */;
			buildPhases = (
				B200000D2F65000000000001 /* Sources */,
				B200000B2F65000000000001 /* Frameworks */,
				B200000C2F65000000000001 /* Resources */,
				B20000072F65000000000001 /* Embed Frameworks */,
			);
			buildRules = (
			);
			dependencies = (
			);
			fileSystemSynchronizedGroups = (
				A726FAED2DC2C602006D6A82 /* MoneyMapShared */,
				B200000A2F65000000000001 /* MoneyMapWatch */,
			);
			name = MoneyMapWatch;
			packageProductDependencies = (
			);
			productName = MoneyMapWatch;
			productReference = B20000082F65000000000001 /* MoneyMapWatch.app */;
			productType = "com.apple.product-type.application";
		};
/* End PBXNativeTarget section */

/* Begin PBXProject section */
		34AF794A2D5C448E001CEE30 /* Project object */ = {
			isa = PBXProject;
			attributes = {
				BuildIndependentTargetsInParallel = 1;
				LastSwiftUpdateCheck = 2630;
				LastUpgradeCheck = 1620;
				TargetAttributes = {
					34AF79512D5C448E001CEE30 = {
						CreatedOnToolsVersion = 16.2;
					};
					A726FAEB2DC2C602006D6A82 = {
						CreatedOnToolsVersion = 16.3;
					};
					A79F7D782F58B83500736215 = {
						CreatedOnToolsVersion = 26.3;
					};
					A7DF690A2DBE99A400071A0C = {
						CreatedOnToolsVersion = 16.3;
					};
					B10100062F5E100000000001 = {
						CreatedOnToolsVersion = 16.2;
						TestTargetID = 34AF79512D5C448E001CEE30;
					};
					B200000E2F65000000000001 = {
						CreatedOnToolsVersion = 26.3;
					};
				};
			};
			buildConfigurationList = 34AF794D2D5C448E001CEE30 /* Build configuration list for PBXProject "AddMoneyMap" */;
			developmentRegion = en;
			hasScannedForEncodings = 0;
			knownRegions = (
				en,
				Base,
			);
			mainGroup = 34AF79492D5C448E001CEE30;
			minimizedProjectReferenceProxies = 1;
			packageReferences = (
			);
			preferredProjectObjectVersion = 77;
			productRefGroup = 34AF79532D5C448E001CEE30 /* Products */;
			projectDirPath = "";
			projectRoot = "";
			targets = (
				34AF79512D5C448E001CEE30 /* MoneyMap */,
				B10100062F5E100000000001 /* MoneyMapTests */,
				A7DF690A2DBE99A400071A0C /* MoneyMapShareExtension */,
				A726FAEB2DC2C602006D6A82 /* MoneyMapShared */,
				A79F7D782F58B83500736215 /* MainWidgetExtension */,
				B200000E2F65000000000001 /* MoneyMapWatch */,
			);
		};
/* End PBXProject section */

/* Begin PBXResourcesBuildPhase section */
		34AF79502D5C448E001CEE30 /* Resources */ = {
			isa = PBXResourcesBuildPhase;
			buildActionMask = 2147483647;
			files = (
				A7FF14072E0CB75100EF0464 /* MoneyMap.icon in Resources */,
			);
			runOnlyForDeploymentPostprocessing = 0;
		};
		A726FAEA2DC2C602006D6A82 /* Resources */ = {
			isa = PBXResourcesBuildPhase;
			buildActionMask = 2147483647;
			files = (
			);
			runOnlyForDeploymentPostprocessing = 0;
		};
		A79F7D772F58B83500736215 /* Resources */ = {
			isa = PBXResourcesBuildPhase;
			buildActionMask = 2147483647;
			files = (
			);
			runOnlyForDeploymentPostprocessing = 0;
		};
		A7DF69092DBE99A400071A0C /* Resources */ = {
			isa = PBXResourcesBuildPhase;
			buildActionMask = 2147483647;
			files = (
			);
			runOnlyForDeploymentPostprocessing = 0;
		};
		B10100082F5E100000000001 /* Resources */ = {
			isa = PBXResourcesBuildPhase;
			buildActionMask = 2147483647;
			files = (
			);
			runOnlyForDeploymentPostprocessing = 0;
		};
		B200000C2F65000000000001 /* Resources */ = {
			isa = PBXResourcesBuildPhase;
			buildActionMask = 2147483647;
			files = (
			);
			runOnlyForDeploymentPostprocessing = 0;
		};
/* End PBXResourcesBuildPhase section */

/* Begin PBXSourcesBuildPhase section */
		34AF794E2D5C448E001CEE30 /* Sources */ = {
			isa = PBXSourcesBuildPhase;
			buildActionMask = 2147483647;
			files = (
			);
			runOnlyForDeploymentPostprocessing = 0;
		};
		A726FAE82DC2C602006D6A82 /* Sources */ = {
			isa = PBXSourcesBuildPhase;
			buildActionMask = 2147483647;
			files = (
			);
			runOnlyForDeploymentPostprocessing = 0;
		};
		A79F7D752F58B83500736215 /* Sources */ = {
			isa = PBXSourcesBuildPhase;
			buildActionMask = 2147483647;
			files = (
			);
			runOnlyForDeploymentPostprocessing = 0;
		};
		A7DF69072DBE99A400071A0C /* Sources */ = {
			isa = PBXSourcesBuildPhase;
			buildActionMask = 2147483647;
			files = (
			);
			runOnlyForDeploymentPostprocessing = 0;
		};
		B10100072F5E100000000001 /* Sources */ = {
			isa = PBXSourcesBuildPhase;
			buildActionMask = 2147483647;
			files = (
			);
			runOnlyForDeploymentPostprocessing = 0;
		};
		B200000D2F65000000000001 /* Sources */ = {
			isa = PBXSourcesBuildPhase;
			buildActionMask = 2147483647;
			files = (
			);
			runOnlyForDeploymentPostprocessing = 0;
		};
/* End PBXSourcesBuildPhase section */

/* Begin PBXTargetDependency section */
		A726FAF32DC2C602006D6A82 /* PBXTargetDependency */ = {
			isa = PBXTargetDependency;
			target = A726FAEB2DC2C602006D6A82 /* MoneyMapShared */;
			targetProxy = A726FAF22DC2C602006D6A82 /* PBXContainerItemProxy */;
		};
		A726FAFF2DC2C64D006D6A82 /* PBXTargetDependency */ = {
			isa = PBXTargetDependency;
			target = A726FAEB2DC2C602006D6A82 /* MoneyMapShared */;
			targetProxy = A726FAFE2DC2C64D006D6A82 /* PBXContainerItemProxy */;
		};
		A79F7D872F58B83600736215 /* PBXTargetDependency */ = {
			isa = PBXTargetDependency;
			target = A79F7D782F58B83500736215 /* MainWidgetExtension */;
			targetProxy = A79F7D862F58B83600736215 /* PBXContainerItemProxy */;
		};
		A7DF69142DBE99A400071A0C /* PBXTargetDependency */ = {
			isa = PBXTargetDependency;
			target = A7DF690A2DBE99A400071A0C /* MoneyMapShareExtension */;
			targetProxy = A7DF69132DBE99A400071A0C /* PBXContainerItemProxy */;
		};
		B101000D2F5E100000000001 /* PBXTargetDependency */ = {
			isa = PBXTargetDependency;
			target = 34AF79512D5C448E001CEE30 /* MoneyMap */;
			targetProxy = B101000C2F5E100000000001 /* PBXContainerItemProxy */;
		};
		B101000F2F5E100000000001 /* PBXTargetDependency */ = {
			isa = PBXTargetDependency;
			target = A726FAEB2DC2C602006D6A82 /* MoneyMapShared */;
			targetProxy = B101000E2F5E100000000001 /* PBXContainerItemProxy */;
		};
		B10100132F5E100000000001 /* PBXTargetDependency */ = {
			isa = PBXTargetDependency;
			target = A726FAEB2DC2C602006D6A82 /* MoneyMapShared */;
			targetProxy = A726FAF22DC2C602006D6A82 /* PBXContainerItemProxy */;
		};
		B200000F2F65000000000001 /* PBXTargetDependency */ = {
			isa = PBXTargetDependency;
			target = B200000E2F65000000000001 /* MoneyMapWatch */;
			targetProxy = B20000042F65000000000001 /* PBXContainerItemProxy */;
		};
/* End PBXTargetDependency section */

/* Begin XCBuildConfiguration section */
		34AF79642D5C4490001CEE30 /* Debug */ = {
			isa = XCBuildConfiguration;
			buildSettings = {
				ASSETCATALOG_COMPILER_APPICON_NAME = MoneyMap;
				ASSETCATALOG_COMPILER_GLOBAL_ACCENT_COLOR_NAME = AccentColor;
				CODE_SIGN_ENTITLEMENTS = MoneyMap/MoneyMap.entitlements;
				CODE_SIGN_STYLE = Automatic;
				CURRENT_PROJECT_VERSION = 1;
				DEVELOPMENT_ASSET_PATHS = "\"MoneyMap/Preview Content\"";
				DEVELOPMENT_TEAM = K6FKZVH5G5;
				ENABLE_HARDENED_RUNTIME = YES;
				ENABLE_PREVIEWS = YES;
				GENERATE_INFOPLIST_FILE = YES;
				INFOPLIST_FILE = MoneyMap/Info.plist;
				INFOPLIST_KEY_LSApplicationCategoryType = "public.app-category.finance";
				INFOPLIST_KEY_NSFinancialDataUsageDescription = "Use your transaction history to give financial recommendations.";
				"INFOPLIST_KEY_UIApplicationSceneManifest_Generation[sdk=iphoneos*]" = YES;
				"INFOPLIST_KEY_UIApplicationSceneManifest_Generation[sdk=iphonesimulator*]" = YES;
				"INFOPLIST_KEY_UIApplicationSupportsIndirectInputEvents[sdk=iphoneos*]" = YES;
				"INFOPLIST_KEY_UIApplicationSupportsIndirectInputEvents[sdk=iphonesimulator*]" = YES;
				"INFOPLIST_KEY_UILaunchScreen_Generation[sdk=iphoneos*]" = YES;
				"INFOPLIST_KEY_UILaunchScreen_Generation[sdk=iphonesimulator*]" = YES;
				"INFOPLIST_KEY_UIStatusBarStyle[sdk=iphoneos*]" = UIStatusBarStyleDefault;
				"INFOPLIST_KEY_UIStatusBarStyle[sdk=iphonesimulator*]" = UIStatusBarStyleDefault;
				INFOPLIST_KEY_UISupportedInterfaceOrientations_iPad = "UIInterfaceOrientationPortrait UIInterfaceOrientationPortraitUpsideDown UIInterfaceOrientationLandscapeLeft UIInterfaceOrientationLandscapeRight";
				INFOPLIST_KEY_UISupportedInterfaceOrientations_iPhone = "UIInterfaceOrientationPortrait UIInterfaceOrientationLandscapeLeft UIInterfaceOrientationLandscapeRight";
				IPHONEOS_DEPLOYMENT_TARGET = 26.0;
				LD_RUNPATH_SEARCH_PATHS = "@executable_path/Frameworks";
				"LD_RUNPATH_SEARCH_PATHS[sdk=macosx*]" = "@executable_path/../Frameworks";
				MACOSX_DEPLOYMENT_TARGET = 26.0;
				MARKETING_VERSION = 1.1.1;
				PRODUCT_BUNDLE_IDENTIFIER = com.heyjoshsmith.MoneyMap;
				PRODUCT_NAME = "$(TARGET_NAME)";
				REGISTER_APP_GROUPS = YES;
				SDKROOT = auto;
				SUPPORTED_PLATFORMS = "iphoneos iphonesimulator macosx xros xrsimulator";
				SWIFT_EMIT_LOC_STRINGS = YES;
				SWIFT_VERSION = 5.0;
				TARGETED_DEVICE_FAMILY = "1,2,7";
				XROS_DEPLOYMENT_TARGET = 26.0;
			};
			name = Debug;
		};
		34AF79652D5C4490001CEE30 /* Release */ = {
			isa = XCBuildConfiguration;
			buildSettings = {
				ASSETCATALOG_COMPILER_APPICON_NAME = MoneyMap;
				ASSETCATALOG_COMPILER_GLOBAL_ACCENT_COLOR_NAME = AccentColor;
				CODE_SIGN_ENTITLEMENTS = MoneyMap/MoneyMap.entitlements;
				CODE_SIGN_STYLE = Automatic;
				CURRENT_PROJECT_VERSION = 1;
				DEVELOPMENT_ASSET_PATHS = "\"MoneyMap/Preview Content\"";
				DEVELOPMENT_TEAM = K6FKZVH5G5;
				ENABLE_HARDENED_RUNTIME = YES;
				ENABLE_PREVIEWS = YES;
				GENERATE_INFOPLIST_FILE = YES;
				INFOPLIST_FILE = MoneyMap/Info.plist;
				INFOPLIST_KEY_LSApplicationCategoryType = "public.app-category.finance";
				INFOPLIST_KEY_NSFinancialDataUsageDescription = "Use your transaction history to give financial recommendations.";
				"INFOPLIST_KEY_UIApplicationSceneManifest_Generation[sdk=iphoneos*]" = YES;
				"INFOPLIST_KEY_UIApplicationSceneManifest_Generation[sdk=iphonesimulator*]" = YES;
				"INFOPLIST_KEY_UIApplicationSupportsIndirectInputEvents[sdk=iphoneos*]" = YES;
				"INFOPLIST_KEY_UIApplicationSupportsIndirectInputEvents[sdk=iphonesimulator*]" = YES;
				"INFOPLIST_KEY_UILaunchScreen_Generation[sdk=iphoneos*]" = YES;
				"INFOPLIST_KEY_UILaunchScreen_Generation[sdk=iphonesimulator*]" = YES;
				"INFOPLIST_KEY_UIStatusBarStyle[sdk=iphoneos*]" = UIStatusBarStyleDefault;
				"INFOPLIST_KEY_UIStatusBarStyle[sdk=iphonesimulator*]" = UIStatusBarStyleDefault;
				INFOPLIST_KEY_UISupportedInterfaceOrientations_iPad = "UIInterfaceOrientationPortrait UIInterfaceOrientationPortraitUpsideDown UIInterfaceOrientationLandscapeLeft UIInterfaceOrientationLandscapeRight";
				INFOPLIST_KEY_UISupportedInterfaceOrientations_iPhone = "UIInterfaceOrientationPortrait UIInterfaceOrientationLandscapeLeft UIInterfaceOrientationLandscapeRight";
				IPHONEOS_DEPLOYMENT_TARGET = 26.0;
				LD_RUNPATH_SEARCH_PATHS = "@executable_path/Frameworks";
				"LD_RUNPATH_SEARCH_PATHS[sdk=macosx*]" = "@executable_path/../Frameworks";
				MACOSX_DEPLOYMENT_TARGET = 26.0;
				MARKETING_VERSION = 1.1.1;
				PRODUCT_BUNDLE_IDENTIFIER = com.heyjoshsmith.MoneyMap;
				PRODUCT_NAME = "$(TARGET_NAME)";
				REGISTER_APP_GROUPS = YES;
				SDKROOT = auto;
				SUPPORTED_PLATFORMS = "iphoneos iphonesimulator macosx xros xrsimulator";
				SWIFT_EMIT_LOC_STRINGS = YES;
				SWIFT_VERSION = 5.0;
				TARGETED_DEVICE_FAMILY = "1,2,7";
				XROS_DEPLOYMENT_TARGET = 26.0;
			};
			name = Release;
		};
		34AF79662D5C4490001CEE30 /* Debug */ = {
			isa = XCBuildConfiguration;
			buildSettings = {
				ALWAYS_SEARCH_USER_PATHS = NO;
				ASSETCATALOG_COMPILER_GENERATE_SWIFT_ASSET_SYMBOL_EXTENSIONS = YES;
				CLANG_ANALYZER_NONNULL = YES;
				CLANG_ANALYZER_NUMBER_OBJECT_CONVERSION = YES_AGGRESSIVE;
				CLANG_CXX_LANGUAGE_STANDARD = "gnu++20";
				CLANG_ENABLE_MODULES = YES;
				CLANG_ENABLE_OBJC_ARC = YES;
				CLANG_ENABLE_OBJC_WEAK = YES;
				CLANG_WARN_BLOCK_CAPTURE_AUTORELEASING = YES;
				CLANG_WARN_BOOL_CONVERSION = YES;
				CLANG_WARN_COMMA = YES;
				CLANG_WARN_CONSTANT_CONVERSION = YES;
				CLANG_WARN_DEPRECATED_OBJC_IMPLEMENTATIONS = YES;
				CLANG_WARN_DIRECT_OBJC_ISA_USAGE = YES_ERROR;
				CLANG_WARN_DOCUMENTATION_COMMENTS = YES;
				CLANG_WARN_EMPTY_BODY = YES;
				CLANG_WARN_ENUM_CONVERSION = YES;
				CLANG_WARN_INFINITE_RECURSION = YES;
				CLANG_WARN_INT_CONVERSION = YES;
				CLANG_WARN_NON_LITERAL_NULL_CONVERSION = YES;
				CLANG_WARN_OBJC_IMPLICIT_RETAIN_SELF = YES;
				CLANG_WARN_OBJC_LITERAL_CONVERSION = YES;
				CLANG_WARN_OBJC_ROOT_CLASS = YES_ERROR;
				CLANG_WARN_QUOTED_INCLUDE_IN_FRAMEWORK_HEADER = YES;
				CLANG_WARN_RANGE_LOOP_ANALYSIS = YES;
				CLANG_WARN_STRICT_PROTOTYPES = YES;
				CLANG_WARN_SUSPICIOUS_MOVE = YES;
				CLANG_WARN_UNGUARDED_AVAILABILITY = YES_AGGRESSIVE;
				CLANG_WARN_UNREACHABLE_CODE = YES;
				CLANG_WARN__DUPLICATE_METHOD_MATCH = YES;
				COPY_PHASE_STRIP = NO;
				DEBUG_INFORMATION_FORMAT = dwarf;
				ENABLE_STRICT_OBJC_MSGSEND = YES;
				ENABLE_TESTABILITY = YES;
				ENABLE_USER_SCRIPT_SANDBOXING = YES;
				GCC_C_LANGUAGE_STANDARD = gnu17;
				GCC_DYNAMIC_NO_PIC = NO;
				GCC_NO_COMMON_BLOCKS = YES;
				GCC_OPTIMIZATION_LEVEL = 0;
				GCC_PREPROCESSOR_DEFINITIONS = (
					"DEBUG=1",
					"$(inherited)",
				);
				GCC_WARN_64_TO_32_BIT_CONVERSION = YES;
				GCC_WARN_ABOUT_RETURN_TYPE = YES_ERROR;
				GCC_WARN_UNDECLARED_SELECTOR = YES;
				GCC_WARN_UNINITIALIZED_AUTOS = YES_AGGRESSIVE;
				GCC_WARN_UNUSED_FUNCTION = YES;
				GCC_WARN_UNUSED_VARIABLE = YES;
				LOCALIZATION_PREFERS_STRING_CATALOGS = YES;
				MTL_ENABLE_DEBUG_INFO = INCLUDE_SOURCE;
				MTL_FAST_MATH = YES;
				ONLY_ACTIVE_ARCH = YES;
				SWIFT_ACTIVE_COMPILATION_CONDITIONS = "DEBUG $(inherited)";
				SWIFT_OPTIMIZATION_LEVEL = "-Onone";
			};
			name = Debug;
		};
		34AF79672D5C4490001CEE30 /* Release */ = {
			isa = XCBuildConfiguration;
			buildSettings = {
				ALWAYS_SEARCH_USER_PATHS = NO;
				ASSETCATALOG_COMPILER_GENERATE_SWIFT_ASSET_SYMBOL_EXTENSIONS = YES;
				CLANG_ANALYZER_NONNULL = YES;
				CLANG_ANALYZER_NUMBER_OBJECT_CONVERSION = YES_AGGRESSIVE;
				CLANG_CXX_LANGUAGE_STANDARD = "gnu++20";
				CLANG_ENABLE_MODULES = YES;
				CLANG_ENABLE_OBJC_ARC = YES;
				CLANG_ENABLE_OBJC_WEAK = YES;
				CLANG_WARN_BLOCK_CAPTURE_AUTORELEASING = YES;
				CLANG_WARN_BOOL_CONVERSION = YES;
				CLANG_WARN_COMMA = YES;
				CLANG_WARN_CONSTANT_CONVERSION = YES;
				CLANG_WARN_DEPRECATED_OBJC_IMPLEMENTATIONS = YES;
				CLANG_WARN_DIRECT_OBJC_ISA_USAGE = YES_ERROR;
				CLANG_WARN_DOCUMENTATION_COMMENTS = YES;
				CLANG_WARN_EMPTY_BODY = YES;
				CLANG_WARN_ENUM_CONVERSION = YES;
				CLANG_WARN_INFINITE_RECURSION = YES;
				CLANG_WARN_INT_CONVERSION = YES;
				CLANG_WARN_NON_LITERAL_NULL_CONVERSION = YES;
				CLANG_WARN_OBJC_IMPLICIT_RETAIN_SELF = YES;
				CLANG_WARN_OBJC_LITERAL_CONVERSION = YES;
				CLANG_WARN_OBJC_ROOT_CLASS = YES_ERROR;
				CLANG_WARN_QUOTED_INCLUDE_IN_FRAMEWORK_HEADER = YES;
				CLANG_WARN_RANGE_LOOP_ANALYSIS = YES;
				CLANG_WARN_STRICT_PROTOTYPES = YES;
				CLANG_WARN_SUSPICIOUS_MOVE = YES;
				CLANG_WARN_UNGUARDED_AVAILABILITY = YES_AGGRESSIVE;
				CLANG_WARN_UNREACHABLE_CODE = YES;
				CLANG_WARN__DUPLICATE_METHOD_MATCH = YES;
				COPY_PHASE_STRIP = NO;
				DEBUG_INFORMATION_FORMAT = "dwarf-with-dsym";
				ENABLE_NS_ASSERTIONS = NO;
				ENABLE_STRICT_OBJC_MSGSEND = YES;
				ENABLE_USER_SCRIPT_SANDBOXING = YES;
				GCC_C_LANGUAGE_STANDARD = gnu17;
				GCC_NO_COMMON_BLOCKS = YES;
				GCC_WARN_64_TO_32_BIT_CONVERSION = YES;
				GCC_WARN_ABOUT_RETURN_TYPE = YES_ERROR;
				GCC_WARN_UNDECLARED_SELECTOR = YES;
				GCC_WARN_UNINITIALIZED_AUTOS = YES_AGGRESSIVE;
				GCC_WARN_UNUSED_FUNCTION = YES;
				GCC_WARN_UNUSED_VARIABLE = YES;
				LOCALIZATION_PREFERS_STRING_CATALOGS = YES;
				MTL_ENABLE_DEBUG_INFO = NO;
				MTL_FAST_MATH = YES;
				SWIFT_COMPILATION_MODE = wholemodule;
			};
			name = Release;
		};
		A726FAF72DC2C602006D6A82 /* Debug */ = {
			isa = XCBuildConfiguration;
			buildSettings = {
				BUILD_LIBRARY_FOR_DISTRIBUTION = YES;
				CODE_SIGN_STYLE = Automatic;
				CURRENT_PROJECT_VERSION = 1;
				DEVELOPMENT_TEAM = K6FKZVH5G5;
				DYLIB_COMPATIBILITY_VERSION = 1;
				DYLIB_CURRENT_VERSION = 1;
				DYLIB_INSTALL_NAME_BASE = "@rpath";
				ENABLE_MODULE_VERIFIER = YES;
				GENERATE_INFOPLIST_FILE = YES;
				INFOPLIST_KEY_NSHumanReadableCopyright = "";
				INSTALL_PATH = "$(LOCAL_LIBRARY_DIR)/Frameworks";
				IPHONEOS_DEPLOYMENT_TARGET = 18.4;
				LD_RUNPATH_SEARCH_PATHS = (
					"$(inherited)",
					"@executable_path/Frameworks",
					"@loader_path/Frameworks",
				);
				MARKETING_VERSION = 1.1.1;
				MODULE_VERIFIER_SUPPORTED_LANGUAGES = "objective-c objective-c++";
				MODULE_VERIFIER_SUPPORTED_LANGUAGE_STANDARDS = "gnu17 gnu++20";
				PRODUCT_BUNDLE_IDENTIFIER = com.heyjoshsmith.MoneyMapShared;
				PRODUCT_NAME = "$(TARGET_NAME:c99extidentifier)";
				SDKROOT = iphoneos;
				SKIP_INSTALL = YES;
				SWIFT_EMIT_LOC_STRINGS = YES;
				SWIFT_INSTALL_MODULE = YES;
				SWIFT_INSTALL_OBJC_HEADER = NO;
				SWIFT_VERSION = 5.0;
				TARGETED_DEVICE_FAMILY = "1,2";
				VERSIONING_SYSTEM = "apple-generic";
				VERSION_INFO_PREFIX = "";
			};
			name = Debug;
		};
		A726FAF82DC2C602006D6A82 /* Release */ = {
			isa = XCBuildConfiguration;
			buildSettings = {
				BUILD_LIBRARY_FOR_DISTRIBUTION = YES;
				CODE_SIGN_STYLE = Automatic;
				CURRENT_PROJECT_VERSION = 1;
				DEVELOPMENT_TEAM = K6FKZVH5G5;
				DYLIB_COMPATIBILITY_VERSION = 1;
				DYLIB_CURRENT_VERSION = 1;
				DYLIB_INSTALL_NAME_BASE = "@rpath";
				ENABLE_MODULE_VERIFIER = YES;
				GENERATE_INFOPLIST_FILE = YES;
				INFOPLIST_KEY_NSHumanReadableCopyright = "";
				INSTALL_PATH = "$(LOCAL_LIBRARY_DIR)/Frameworks";
				IPHONEOS_DEPLOYMENT_TARGET = 18.4;
				LD_RUNPATH_SEARCH_PATHS = (
					"$(inherited)",
					"@executable_path/Frameworks",
					"@loader_path/Frameworks",
				);
				MARKETING_VERSION = 1.1.1;
				MODULE_VERIFIER_SUPPORTED_LANGUAGES = "objective-c objective-c++";
				MODULE_VERIFIER_SUPPORTED_LANGUAGE_STANDARDS = "gnu17 gnu++20";
				PRODUCT_BUNDLE_IDENTIFIER = com.heyjoshsmith.MoneyMapShared;
				PRODUCT_NAME = "$(TARGET_NAME:c99extidentifier)";
				SDKROOT = iphoneos;
				SKIP_INSTALL = YES;
				SWIFT_EMIT_LOC_STRINGS = YES;
				SWIFT_INSTALL_MODULE = YES;
				SWIFT_INSTALL_OBJC_HEADER = NO;
				SWIFT_VERSION = 5.0;
				TARGETED_DEVICE_FAMILY = "1,2";
				VALIDATE_PRODUCT = YES;
				VERSIONING_SYSTEM = "apple-generic";
				VERSION_INFO_PREFIX = "";
			};
			name = Release;
		};
		A79F7D892F58B83600736215 /* Debug */ = {
			isa = XCBuildConfiguration;
			buildSettings = {
				ASSETCATALOG_COMPILER_GLOBAL_ACCENT_COLOR_NAME = AccentColor;
				ASSETCATALOG_COMPILER_WIDGET_BACKGROUND_COLOR_NAME = WidgetBackground;
				CODE_SIGN_ENTITLEMENTS = MainWidget/MainWidget.entitlements;
				CODE_SIGN_STYLE = Automatic;
				CURRENT_PROJECT_VERSION = 1;
				DEVELOPMENT_TEAM = K6FKZVH5G5;
				ENABLE_APP_SANDBOX = YES;
				ENABLE_HARDENED_RUNTIME = YES;
				GENERATE_INFOPLIST_FILE = YES;
				INFOPLIST_FILE = MainWidget/Info.plist;
				INFOPLIST_KEY_CFBundleDisplayName = MainWidget;
				INFOPLIST_KEY_NSHumanReadableCopyright = "";
				IPHONEOS_DEPLOYMENT_TARGET = 26.2;
				LD_RUNPATH_SEARCH_PATHS = (
					"$(inherited)",
					"@executable_path/Frameworks",
					"@executable_path/../../Frameworks",
				);
				"LD_RUNPATH_SEARCH_PATHS[sdk=macosx*]" = (
					"$(inherited)",
					"@executable_path/../Frameworks",
					"@executable_path/../../../../Frameworks",
				);
				MACOSX_DEPLOYMENT_TARGET = 26.2;
				MARKETING_VERSION = 1.1.1;
				PRODUCT_BUNDLE_IDENTIFIER = com.heyjoshsmith.MoneyMap.MainWidget;
				PRODUCT_NAME = "$(TARGET_NAME)";
				SDKROOT = auto;
				SKIP_INSTALL = YES;
				STRING_CATALOG_GENERATE_SYMBOLS = YES;
				SUPPORTED_PLATFORMS = "iphoneos iphonesimulator macosx xros xrsimulator";
				SWIFT_APPROACHABLE_CONCURRENCY = YES;
				SWIFT_EMIT_LOC_STRINGS = YES;
				SWIFT_UPCOMING_FEATURE_MEMBER_IMPORT_VISIBILITY = YES;
				SWIFT_VERSION = 5.0;
				TARGETED_DEVICE_FAMILY = "1,2,7";
				XROS_DEPLOYMENT_TARGET = 26.2;
			};
			name = Debug;
		};
		A79F7D8A2F58B83600736215 /* Release */ = {
			isa = XCBuildConfiguration;
			buildSettings = {
				ASSETCATALOG_COMPILER_GLOBAL_ACCENT_COLOR_NAME = AccentColor;
				ASSETCATALOG_COMPILER_WIDGET_BACKGROUND_COLOR_NAME = WidgetBackground;
				CODE_SIGN_ENTITLEMENTS = MainWidget/MainWidget.entitlements;
				CODE_SIGN_STYLE = Automatic;
				CURRENT_PROJECT_VERSION = 1;
				DEVELOPMENT_TEAM = K6FKZVH5G5;
				ENABLE_APP_SANDBOX = YES;
				ENABLE_HARDENED_RUNTIME = YES;
				GENERATE_INFOPLIST_FILE = YES;
				INFOPLIST_FILE = MainWidget/Info.plist;
				INFOPLIST_KEY_CFBundleDisplayName = MainWidget;
				INFOPLIST_KEY_NSHumanReadableCopyright = "";
				IPHONEOS_DEPLOYMENT_TARGET = 26.2;
				LD_RUNPATH_SEARCH_PATHS = (
					"$(inherited)",
					"@executable_path/Frameworks",
					"@executable_path/../../Frameworks",
				);
				"LD_RUNPATH_SEARCH_PATHS[sdk=macosx*]" = (
					"$(inherited)",
					"@executable_path/../Frameworks",
					"@executable_path/../../../../Frameworks",
				);
				MACOSX_DEPLOYMENT_TARGET = 26.2;
				MARKETING_VERSION = 1.1.1;
				PRODUCT_BUNDLE_IDENTIFIER = com.heyjoshsmith.MoneyMap.MainWidget;
				PRODUCT_NAME = "$(TARGET_NAME)";
				SDKROOT = auto;
				SKIP_INSTALL = YES;
				STRING_CATALOG_GENERATE_SYMBOLS = YES;
				SUPPORTED_PLATFORMS = "iphoneos iphonesimulator macosx xros xrsimulator";
				SWIFT_APPROACHABLE_CONCURRENCY = YES;
				SWIFT_EMIT_LOC_STRINGS = YES;
				SWIFT_UPCOMING_FEATURE_MEMBER_IMPORT_VISIBILITY = YES;
				SWIFT_VERSION = 5.0;
				TARGETED_DEVICE_FAMILY = "1,2,7";
				XROS_DEPLOYMENT_TARGET = 26.2;
			};
			name = Release;
		};
		A7DF69162DBE99A400071A0C /* Debug */ = {
			isa = XCBuildConfiguration;
			buildSettings = {
				CODE_SIGN_ENTITLEMENTS = MoneyMapShareExtension/MoneyMapShareExtension.entitlements;
				CODE_SIGN_STYLE = Automatic;
				CURRENT_PROJECT_VERSION = 1;
				DEVELOPMENT_TEAM = K6FKZVH5G5;
				GENERATE_INFOPLIST_FILE = YES;
				INFOPLIST_FILE = MoneyMapShareExtension/Info.plist;
				INFOPLIST_KEY_CFBundleDisplayName = "🧪TestShareExtension";
				INFOPLIST_KEY_NSHumanReadableCopyright = "";
				IPHONEOS_DEPLOYMENT_TARGET = 18.4;
				LD_RUNPATH_SEARCH_PATHS = (
					"$(inherited)",
					"@executable_path/Frameworks",
					"@executable_path/../../Frameworks",
				);
				MARKETING_VERSION = 1.1.1;
				PRODUCT_BUNDLE_IDENTIFIER = com.heyjoshsmith.MoneyMap.MoneyMapShareExtension;
				PRODUCT_NAME = "$(TARGET_NAME)";
				SDKROOT = iphoneos;
				SKIP_INSTALL = YES;
				SWIFT_EMIT_LOC_STRINGS = YES;
				SWIFT_VERSION = 5.0;
				TARGETED_DEVICE_FAMILY = "1,2";
			};
			name = Debug;
		};
		A7DF69172DBE99A400071A0C /* Release */ = {
			isa = XCBuildConfiguration;
			buildSettings = {
				CODE_SIGN_ENTITLEMENTS = MoneyMapShareExtension/MoneyMapShareExtension.entitlements;
				CODE_SIGN_STYLE = Automatic;
				CURRENT_PROJECT_VERSION = 1;
				DEVELOPMENT_TEAM = K6FKZVH5G5;
				GENERATE_INFOPLIST_FILE = YES;
				INFOPLIST_FILE = MoneyMapShareExtension/Info.plist;
				INFOPLIST_KEY_CFBundleDisplayName = "🧪TestShareExtension";
				INFOPLIST_KEY_NSHumanReadableCopyright = "";
				IPHONEOS_DEPLOYMENT_TARGET = 18.4;
				LD_RUNPATH_SEARCH_PATHS = (
					"$(inherited)",
					"@executable_path/Frameworks",
					"@executable_path/../../Frameworks",
				);
				MARKETING_VERSION = 1.1.1;
				PRODUCT_BUNDLE_IDENTIFIER = com.heyjoshsmith.MoneyMap.MoneyMapShareExtension;
				PRODUCT_NAME = "$(TARGET_NAME)";
				SDKROOT = iphoneos;
				SKIP_INSTALL = YES;
				SWIFT_EMIT_LOC_STRINGS = YES;
				SWIFT_VERSION = 5.0;
				TARGETED_DEVICE_FAMILY = "1,2";
				VALIDATE_PRODUCT = YES;
			};
			name = Release;
		};
		B10100092F5E100000000001 /* Debug */ = {
			isa = XCBuildConfiguration;
			buildSettings = {
				BUNDLE_LOADER = "$(TEST_HOST)";
				CODE_SIGN_STYLE = Automatic;
				CURRENT_PROJECT_VERSION = 1;
				DEVELOPMENT_TEAM = K6FKZVH5G5;
				GENERATE_INFOPLIST_FILE = YES;
				IPHONEOS_DEPLOYMENT_TARGET = 26.0;
				LD_RUNPATH_SEARCH_PATHS = (
					"$(inherited)",
					"@loader_path/Frameworks",
					"@executable_path/Frameworks",
				);
				PRODUCT_BUNDLE_IDENTIFIER = com.heyjoshsmith.MoneyMapTests;
				PRODUCT_NAME = "$(TARGET_NAME)";
				SDKROOT = iphonesimulator;
				SKIP_INSTALL = YES;
				SUPPORTED_PLATFORMS = iphonesimulator;
				SWIFT_VERSION = 5.0;
				TARGETED_DEVICE_FAMILY = "1,2";
				TEST_HOST = "$(BUILT_PRODUCTS_DIR)/MoneyMap.app/MoneyMap";
			};
			name = Debug;
		};
		B101000A2F5E100000000001 /* Release */ = {
			isa = XCBuildConfiguration;
			buildSettings = {
				BUNDLE_LOADER = "$(TEST_HOST)";
				CODE_SIGN_STYLE = Automatic;
				CURRENT_PROJECT_VERSION = 1;
				DEVELOPMENT_TEAM = K6FKZVH5G5;
				GENERATE_INFOPLIST_FILE = YES;
				IPHONEOS_DEPLOYMENT_TARGET = 26.0;
				LD_RUNPATH_SEARCH_PATHS = (
					"$(inherited)",
					"@loader_path/Frameworks",
					"@executable_path/Frameworks",
				);
				PRODUCT_BUNDLE_IDENTIFIER = com.heyjoshsmith.MoneyMapTests;
				PRODUCT_NAME = "$(TARGET_NAME)";
				SDKROOT = iphonesimulator;
				SKIP_INSTALL = YES;
				SUPPORTED_PLATFORMS = iphonesimulator;
				SWIFT_VERSION = 5.0;
				TARGETED_DEVICE_FAMILY = "1,2";
				TEST_HOST = "$(BUILT_PRODUCTS_DIR)/MoneyMap.app/MoneyMap";
			};
			name = Release;
		};
		B20000112F65000000000001 /* Debug */ = {
			isa = XCBuildConfiguration;
			buildSettings = {
				CODE_SIGN_ENTITLEMENTS = MoneyMapWatch/MoneyMapWatch.entitlements;
				CODE_SIGN_STYLE = Automatic;
				CURRENT_PROJECT_VERSION = 1;
				DEVELOPMENT_TEAM = K6FKZVH5G5;
				ENABLE_PREVIEWS = YES;
				GENERATE_INFOPLIST_FILE = YES;
				INFOPLIST_FILE = MoneyMapWatch/Info.plist;
				INFOPLIST_KEY_CFBundleDisplayName = MoneyMap;
				INFOPLIST_KEY_NSHumanReadableCopyright = "";
				INFOPLIST_KEY_WKApplication = YES;
				INFOPLIST_KEY_WKCompanionAppBundleIdentifier = com.heyjoshsmith.MoneyMap;
				LD_RUNPATH_SEARCH_PATHS = (
					"$(inherited)",
					"@executable_path/Frameworks",
				);
				MARKETING_VERSION = 1.1.1;
				PRODUCT_BUNDLE_IDENTIFIER = com.heyjoshsmith.MoneyMap.watchkitapp;
				PRODUCT_NAME = "$(TARGET_NAME)";
				SDKROOT = watchos;
				SKIP_INSTALL = YES;
				SUPPORTED_PLATFORMS = "watchos watchsimulator";
				SWIFT_EMIT_LOC_STRINGS = YES;
				SWIFT_VERSION = 5.0;
				TARGETED_DEVICE_FAMILY = 4;
				WATCHOS_DEPLOYMENT_TARGET = 26.0;
			};
			name = Debug;
		};
		B20000122F65000000000001 /* Release */ = {
			isa = XCBuildConfiguration;
			buildSettings = {
				CODE_SIGN_ENTITLEMENTS = MoneyMapWatch/MoneyMapWatch.entitlements;
				CODE_SIGN_STYLE = Automatic;
				CURRENT_PROJECT_VERSION = 1;
				DEVELOPMENT_TEAM = K6FKZVH5G5;
				ENABLE_PREVIEWS = YES;
				GENERATE_INFOPLIST_FILE = YES;
				INFOPLIST_FILE = MoneyMapWatch/Info.plist;
				INFOPLIST_KEY_CFBundleDisplayName = MoneyMap;
				INFOPLIST_KEY_NSHumanReadableCopyright = "";
				INFOPLIST_KEY_WKApplication = YES;
				INFOPLIST_KEY_WKCompanionAppBundleIdentifier = com.heyjoshsmith.MoneyMap;
				LD_RUNPATH_SEARCH_PATHS = (
					"$(inherited)",
					"@executable_path/Frameworks",
				);
				MARKETING_VERSION = 1.1.1;
				PRODUCT_BUNDLE_IDENTIFIER = com.heyjoshsmith.MoneyMap.watchkitapp;
				PRODUCT_NAME = "$(TARGET_NAME)";
				SDKROOT = watchos;
				SKIP_INSTALL = YES;
				SUPPORTED_PLATFORMS = "watchos watchsimulator";
				SWIFT_EMIT_LOC_STRINGS = YES;
				SWIFT_VERSION = 5.0;
				TARGETED_DEVICE_FAMILY = 4;
				VALIDATE_PRODUCT = YES;
				WATCHOS_DEPLOYMENT_TARGET = 26.0;
			};
			name = Release;
		};
/* End XCBuildConfiguration section */

/* Begin XCConfigurationList section */
		34AF794D2D5C448E001CEE30 /* Build configuration list for PBXProject "AddMoneyMap" */ = {
			isa = XCConfigurationList;
			buildConfigurations = (
				34AF79662D5C4490001CEE30 /* Debug */,
				34AF79672D5C4490001CEE30 /* Release */,
			);
			defaultConfigurationIsVisible = 0;
			defaultConfigurationName = Release;
		};
		34AF79632D5C4490001CEE30 /* Build configuration list for PBXNativeTarget "MoneyMap" */ = {
			isa = XCConfigurationList;
			buildConfigurations = (
				34AF79642D5C4490001CEE30 /* Debug */,
				34AF79652D5C4490001CEE30 /* Release */,
			);
			defaultConfigurationIsVisible = 0;
			defaultConfigurationName = Release;
		};
		A726FAF92DC2C602006D6A82 /* Build configuration list for PBXNativeTarget "MoneyMapShared" */ = {
			isa = XCConfigurationList;
			buildConfigurations = (
				A726FAF72DC2C602006D6A82 /* Debug */,
				A726FAF82DC2C602006D6A82 /* Release */,
			);
			defaultConfigurationIsVisible = 0;
			defaultConfigurationName = Release;
		};
		A79F7D8B2F58B83600736215 /* Build configuration list for PBXNativeTarget "MainWidgetExtension" */ = {
			isa = XCConfigurationList;
			buildConfigurations = (
				A79F7D892F58B83600736215 /* Debug */,
				A79F7D8A2F58B83600736215 /* Release */,
			);
			defaultConfigurationIsVisible = 0;
			defaultConfigurationName = Release;
		};
		A7DF69182DBE99A400071A0C /* Build configuration list for PBXNativeTarget "MoneyMapShareExtension" */ = {
			isa = XCConfigurationList;
			buildConfigurations = (
				A7DF69162DBE99A400071A0C /* Debug */,
				A7DF69172DBE99A400071A0C /* Release */,
			);
			defaultConfigurationIsVisible = 0;
			defaultConfigurationName = Release;
		};
		B10100112F5E100000000001 /* Build configuration list for PBXNativeTarget "MoneyMapTests" */ = {
			isa = XCConfigurationList;
			buildConfigurations = (
				B10100092F5E100000000001 /* Debug */,
				B101000A2F5E100000000001 /* Release */,
			);
			defaultConfigurationIsVisible = 0;
			defaultConfigurationName = Release;
		};
		B20000132F65000000000001 /* Build configuration list for PBXNativeTarget "MoneyMapWatch" */ = {
			isa = XCConfigurationList;
			buildConfigurations = (
				B20000112F65000000000001 /* Debug */,
				B20000122F65000000000001 /* Release */,
			);
			defaultConfigurationIsVisible = 0;
			defaultConfigurationName = Release;
		};
/* End XCConfigurationList section */
	};
	rootObject = 34AF794A2D5C448E001CEE30 /* Project object */;
}
